// !$*UTF8*$!
{
	archiveVersion = 1;
	classes = {
	};
	objectVersion = 52;
	objects = {

/* Begin PBXBuildFile section */
		0070C32287CF15D35102BAAA /* Pods_Pay_FlowTests.framework in Frameworks */ = {isa = PBXBuildFile; fileRef = C167EB0364F7991F18B6F537 /* Pods_Pay_FlowTests.framework */; };
		066D564D614BADD64117867D /* Pods_Pay_Flow.framework in Frameworks */ = {isa = PBXBuildFile; fileRef = 0777C2F760BA49285C872D6D /* Pods_Pay_Flow.framework */; };
		5B528D512691F69500BC39B1 /* AppDelegate.swift in Sources */ = {isa = PBXBuildFile; fileRef = 5B528D502691F69500BC39B1 /* AppDelegate.swift */; };
		5B528D552691F69700BC39B1 /* Assets.xcassets in Resources */ = {isa = PBXBuildFile; fileRef = 5B528D542691F69700BC39B1 /* Assets.xcassets */; };
		5B528D582691F69700BC39B1 /* Preview Assets.xcassets in Resources */ = {isa = PBXBuildFile; fileRef = 5B528D572691F69700BC39B1 /* Preview Assets.xcassets */; };
		5B528D632691F69700BC39B1 /* Pay_FlowTests.swift in Sources */ = {isa = PBXBuildFile; fileRef = 5B528D622691F69700BC39B1 /* Pay_FlowTests.swift */; };
		5B528D6E2691F69700BC39B1 /* Pay_FlowUITests.swift in Sources */ = {isa = PBXBuildFile; fileRef = 5B528D6D2691F69700BC39B1 /* Pay_FlowUITests.swift */; };
		5B5A0B972698DDD100DDFD94 /* Stinsen in Frameworks */ = {isa = PBXBuildFile; productRef = 5B5A0B962698DDD100DDFD94 /* Stinsen */; };
		5B5A0B982698DDD100DDFD94 /* Stinsen in Embed Frameworks */ = {isa = PBXBuildFile; productRef = 5B5A0B962698DDD100DDFD94 /* Stinsen */; settings = {ATTRIBUTES = (CodeSignOnCopy, ); }; };
		5B5A0B9C2698DF9900DDFD94 /* MainCoordinator.swift in Sources */ = {isa = PBXBuildFile; fileRef = 5B5A0B9B2698DF9900DDFD94 /* MainCoordinator.swift */; };
		5B5A0B9F2698E10800DDFD94 /* MainView.swift in Sources */ = {isa = PBXBuildFile; fileRef = 5B5A0B9E2698E10800DDFD94 /* MainView.swift */; };
		5B5A0BA22698E23D00DDFD94 /* UnauthenticatedCoordinator.swift in Sources */ = {isa = PBXBuildFile; fileRef = 5B5A0BA12698E23D00DDFD94 /* UnauthenticatedCoordinator.swift */; };
		5B5A0BA52698E2A300DDFD94 /* LoginScreen.swift in Sources */ = {isa = PBXBuildFile; fileRef = 5B5A0BA42698E2A300DDFD94 /* LoginScreen.swift */; };
		5B5A0BA72698EBAA00DDFD94 /* LoginFactory.swift in Sources */ = {isa = PBXBuildFile; fileRef = 5B5A0BA62698EBAA00DDFD94 /* LoginFactory.swift */; };
		5B5A0BA92698EC1F00DDFD94 /* LoginPresenter.swift in Sources */ = {isa = PBXBuildFile; fileRef = 5B5A0BA82698EC1F00DDFD94 /* LoginPresenter.swift */; };
		5B5A0BAB2698EC8F00DDFD94 /* LoginViewModel.swift in Sources */ = {isa = PBXBuildFile; fileRef = 5B5A0BAA2698EC8F00DDFD94 /* LoginViewModel.swift */; };
		5B5A0BAE2698FC3F00DDFD94 /* Launch Screen.storyboard in Resources */ = {isa = PBXBuildFile; fileRef = 5B5A0BAD2698FC3F00DDFD94 /* Launch Screen.storyboard */; };
		5B5A0BB12698FF7800DDFD94 /* GoogleService-Info.plist in Resources */ = {isa = PBXBuildFile; fileRef = 5B5A0BB02698FF7800DDFD94 /* GoogleService-Info.plist */; };
		5B5A0BB326990D6600DDFD94 /* README.md in Resources */ = {isa = PBXBuildFile; fileRef = 5B5A0BB226990D6600DDFD94 /* README.md */; };
		5B5A0BC52699437200DDFD94 /* AuthenticationManager.swift in Sources */ = {isa = PBXBuildFile; fileRef = 5B5A0BC42699437200DDFD94 /* AuthenticationManager.swift */; };
		5B5A0BC726994DE700DDFD94 /* AuthenticatedCoordinator.swift in Sources */ = {isa = PBXBuildFile; fileRef = 5B5A0BC626994DE700DDFD94 /* AuthenticatedCoordinator.swift */; };
		5B5A0BCE26994EDA00DDFD94 /* HomeScreen.swift in Sources */ = {isa = PBXBuildFile; fileRef = 5B5A0BCD26994EDA00DDFD94 /* HomeScreen.swift */; };
		5B5A0BD02699507B00DDFD94 /* ContentView.swift in Sources */ = {isa = PBXBuildFile; fileRef = 5B5A0BCF2699507B00DDFD94 /* ContentView.swift */; };
		5B68A7AD269B63BF00AB0AE5 /* RegisteredCard.swift in Sources */ = {isa = PBXBuildFile; fileRef = 5B68A7AC269B63BF00AB0AE5 /* RegisteredCard.swift */; };
		5B68A7AF269B66FA00AB0AE5 /* HomeHeader.swift in Sources */ = {isa = PBXBuildFile; fileRef = 5B68A7AE269B66FA00AB0AE5 /* HomeHeader.swift */; };
		5B68A7B1269C947E00AB0AE5 /* AsyncImage.swift in Sources */ = {isa = PBXBuildFile; fileRef = 5B68A7B0269C947E00AB0AE5 /* AsyncImage.swift */; };
		5BB06B41269A21EC001E1BF7 /* GradientRetangle.swift in Sources */ = {isa = PBXBuildFile; fileRef = 5BB06B40269A21EC001E1BF7 /* GradientRetangle.swift */; };
		5BB06B43269A3EAC001E1BF7 /* HomeFactory.swift in Sources */ = {isa = PBXBuildFile; fileRef = 5BB06B42269A3EAC001E1BF7 /* HomeFactory.swift */; };
		5BB06B45269A3ED8001E1BF7 /* HomePresenter.swift in Sources */ = {isa = PBXBuildFile; fileRef = 5BB06B44269A3ED8001E1BF7 /* HomePresenter.swift */; };
		5BB06B47269A3EE2001E1BF7 /* HomeViewModel.swift in Sources */ = {isa = PBXBuildFile; fileRef = 5BB06B46269A3EE2001E1BF7 /* HomeViewModel.swift */; };
		5BCD722C269DF7290047BA15 /* LoadingCoordinator.swift in Sources */ = {isa = PBXBuildFile; fileRef = 5BCD722B269DF7290047BA15 /* LoadingCoordinator.swift */; };
		5BCD722F269DF7980047BA15 /* LoadingScreen.swift in Sources */ = {isa = PBXBuildFile; fileRef = 5BCD722E269DF7980047BA15 /* LoadingScreen.swift */; };
		5BCD723226A0B8D70047BA15 /* ToolBar.swift in Sources */ = {isa = PBXBuildFile; fileRef = 5BCD723126A0B8D70047BA15 /* ToolBar.swift */; };
		5BCD723426A1188B0047BA15 /* ListOfTickets.swift in Sources */ = {isa = PBXBuildFile; fileRef = 5BCD723326A1188B0047BA15 /* ListOfTickets.swift */; };
		5BECC11626968CD10072030F /* SceneDelegate.swift in Sources */ = {isa = PBXBuildFile; fileRef = 5BECC11526968CD10072030F /* SceneDelegate.swift */; };
		CF1BE853CED9680D4B02BE87 /* Pods_Pay_Flow_Pay_FlowUITests.framework in Frameworks */ = {isa = PBXBuildFile; fileRef = 3C73BA51D6D79B41A2BEF8D8 /* Pods_Pay_Flow_Pay_FlowUITests.framework */; };
/* End PBXBuildFile section */

/* Begin PBXContainerItemProxy section */
		5B528D5F2691F69700BC39B1 /* PBXContainerItemProxy */ = {
			isa = PBXContainerItemProxy;
			containerPortal = 5B528D452691F69500BC39B1 /* Project object */;
			proxyType = 1;
			remoteGlobalIDString = 5B528D4C2691F69500BC39B1;
			remoteInfo = "Pay Flow";
		};
		5B528D6A2691F69700BC39B1 /* PBXContainerItemProxy */ = {
			isa = PBXContainerItemProxy;
			containerPortal = 5B528D452691F69500BC39B1 /* Project object */;
			proxyType = 1;
			remoteGlobalIDString = 5B528D4C2691F69500BC39B1;
			remoteInfo = "Pay Flow";
		};
/* End PBXContainerItemProxy section */

/* Begin PBXCopyFilesBuildPhase section */
		5B5A0B992698DDD100DDFD94 /* Embed Frameworks */ = {
			isa = PBXCopyFilesBuildPhase;
			buildActionMask = 2147483647;
			dstPath = "";
			dstSubfolderSpec = 10;
			files = (
				5B5A0B982698DDD100DDFD94 /* Stinsen in Embed Frameworks */,
			);
			name = "Embed Frameworks";
			runOnlyForDeploymentPostprocessing = 0;
		};
/* End PBXCopyFilesBuildPhase section */

/* Begin PBXFileReference section */
		066A34CBDC511D69D8E8F003 /* Pods-Pay FlowTests.release-staging.xcconfig */ = {isa = PBXFileReference; includeInIndex = 1; lastKnownFileType = text.xcconfig; name = "Pods-Pay FlowTests.release-staging.xcconfig"; path = "Target Support Files/Pods-Pay FlowTests/Pods-Pay FlowTests.release-staging.xcconfig"; sourceTree = "<group>"; };
		0777C2F760BA49285C872D6D /* Pods_Pay_Flow.framework */ = {isa = PBXFileReference; explicitFileType = wrapper.framework; includeInIndex = 0; path = Pods_Pay_Flow.framework; sourceTree = BUILT_PRODUCTS_DIR; };
		218B8D1C82D8E9EED7FC232D /* Pods-Pay Flow.debug-staging.xcconfig */ = {isa = PBXFileReference; includeInIndex = 1; lastKnownFileType = text.xcconfig; name = "Pods-Pay Flow.debug-staging.xcconfig"; path = "Target Support Files/Pods-Pay Flow/Pods-Pay Flow.debug-staging.xcconfig"; sourceTree = "<group>"; };
		3C73BA51D6D79B41A2BEF8D8 /* Pods_Pay_Flow_Pay_FlowUITests.framework */ = {isa = PBXFileReference; explicitFileType = wrapper.framework; includeInIndex = 0; path = Pods_Pay_Flow_Pay_FlowUITests.framework; sourceTree = BUILT_PRODUCTS_DIR; };
		4E0EE7192BAAC7DD1ECCCA88 /* Pods-Pay Flow-Pay FlowUITests.debug-staging.xcconfig */ = {isa = PBXFileReference; includeInIndex = 1; lastKnownFileType = text.xcconfig; name = "Pods-Pay Flow-Pay FlowUITests.debug-staging.xcconfig"; path = "Target Support Files/Pods-Pay Flow-Pay FlowUITests/Pods-Pay Flow-Pay FlowUITests.debug-staging.xcconfig"; sourceTree = "<group>"; };
		5503FC26A9D3FC8E58325E3F /* Pods-Pay Flow-Pay FlowUITests.debug-production.xcconfig */ = {isa = PBXFileReference; includeInIndex = 1; lastKnownFileType = text.xcconfig; name = "Pods-Pay Flow-Pay FlowUITests.debug-production.xcconfig"; path = "Target Support Files/Pods-Pay Flow-Pay FlowUITests/Pods-Pay Flow-Pay FlowUITests.debug-production.xcconfig"; sourceTree = "<group>"; };
		5B528D4D2691F69500BC39B1 /* Pay Flow.app */ = {isa = PBXFileReference; explicitFileType = wrapper.application; includeInIndex = 0; path = "Pay Flow.app"; sourceTree = BUILT_PRODUCTS_DIR; };
		5B528D502691F69500BC39B1 /* AppDelegate.swift */ = {isa = PBXFileReference; lastKnownFileType = sourcecode.swift; path = AppDelegate.swift; sourceTree = "<group>"; };
		5B528D542691F69700BC39B1 /* Assets.xcassets */ = {isa = PBXFileReference; lastKnownFileType = folder.assetcatalog; path = Assets.xcassets; sourceTree = "<group>"; };
		5B528D572691F69700BC39B1 /* Preview Assets.xcassets */ = {isa = PBXFileReference; lastKnownFileType = folder.assetcatalog; path = "Preview Assets.xcassets"; sourceTree = "<group>"; };
		5B528D592691F69700BC39B1 /* Info.plist */ = {isa = PBXFileReference; lastKnownFileType = text.plist.xml; path = Info.plist; sourceTree = "<group>"; };
		5B528D5E2691F69700BC39B1 /* Pay FlowTests.xctest */ = {isa = PBXFileReference; explicitFileType = wrapper.cfbundle; includeInIndex = 0; path = "Pay FlowTests.xctest"; sourceTree = BUILT_PRODUCTS_DIR; };
		5B528D622691F69700BC39B1 /* Pay_FlowTests.swift */ = {isa = PBXFileReference; lastKnownFileType = sourcecode.swift; path = Pay_FlowTests.swift; sourceTree = "<group>"; };
		5B528D642691F69700BC39B1 /* Info.plist */ = {isa = PBXFileReference; lastKnownFileType = text.plist.xml; path = Info.plist; sourceTree = "<group>"; };
		5B528D692691F69700BC39B1 /* Pay FlowUITests.xctest */ = {isa = PBXFileReference; explicitFileType = wrapper.cfbundle; includeInIndex = 0; path = "Pay FlowUITests.xctest"; sourceTree = BUILT_PRODUCTS_DIR; };
		5B528D6D2691F69700BC39B1 /* Pay_FlowUITests.swift */ = {isa = PBXFileReference; lastKnownFileType = sourcecode.swift; path = Pay_FlowUITests.swift; sourceTree = "<group>"; };
		5B528D6F2691F69700BC39B1 /* Info.plist */ = {isa = PBXFileReference; lastKnownFileType = text.plist.xml; path = Info.plist; sourceTree = "<group>"; };
		5B5A0B9B2698DF9900DDFD94 /* MainCoordinator.swift */ = {isa = PBXFileReference; lastKnownFileType = sourcecode.swift; path = MainCoordinator.swift; sourceTree = "<group>"; };
		5B5A0B9E2698E10800DDFD94 /* MainView.swift */ = {isa = PBXFileReference; lastKnownFileType = sourcecode.swift; path = MainView.swift; sourceTree = "<group>"; };
		5B5A0BA12698E23D00DDFD94 /* UnauthenticatedCoordinator.swift */ = {isa = PBXFileReference; lastKnownFileType = sourcecode.swift; path = UnauthenticatedCoordinator.swift; sourceTree = "<group>"; };
		5B5A0BA42698E2A300DDFD94 /* LoginScreen.swift */ = {isa = PBXFileReference; lastKnownFileType = sourcecode.swift; path = LoginScreen.swift; sourceTree = "<group>"; };
		5B5A0BA62698EBAA00DDFD94 /* LoginFactory.swift */ = {isa = PBXFileReference; lastKnownFileType = sourcecode.swift; path = LoginFactory.swift; sourceTree = "<group>"; };
		5B5A0BA82698EC1F00DDFD94 /* LoginPresenter.swift */ = {isa = PBXFileReference; lastKnownFileType = sourcecode.swift; path = LoginPresenter.swift; sourceTree = "<group>"; };
		5B5A0BAA2698EC8F00DDFD94 /* LoginViewModel.swift */ = {isa = PBXFileReference; lastKnownFileType = sourcecode.swift; path = LoginViewModel.swift; sourceTree = "<group>"; };
		5B5A0BAD2698FC3F00DDFD94 /* Launch Screen.storyboard */ = {isa = PBXFileReference; fileEncoding = 4; lastKnownFileType = file.storyboard; path = "Launch Screen.storyboard"; sourceTree = "<group>"; };
		5B5A0BB02698FF7800DDFD94 /* GoogleService-Info.plist */ = {isa = PBXFileReference; fileEncoding = 4; lastKnownFileType = text.plist.xml; path = "GoogleService-Info.plist"; sourceTree = "<group>"; };
		5B5A0BB226990D6600DDFD94 /* README.md */ = {isa = PBXFileReference; fileEncoding = 4; lastKnownFileType = net.daringfireball.markdown; path = README.md; sourceTree = "<group>"; };
		5B5A0BC42699437200DDFD94 /* AuthenticationManager.swift */ = {isa = PBXFileReference; lastKnownFileType = sourcecode.swift; path = AuthenticationManager.swift; sourceTree = "<group>"; };
		5B5A0BC626994DE700DDFD94 /* AuthenticatedCoordinator.swift */ = {isa = PBXFileReference; lastKnownFileType = sourcecode.swift; path = AuthenticatedCoordinator.swift; sourceTree = "<group>"; };
		5B5A0BCD26994EDA00DDFD94 /* HomeScreen.swift */ = {isa = PBXFileReference; lastKnownFileType = sourcecode.swift; path = HomeScreen.swift; sourceTree = "<group>"; };
		5B5A0BCF2699507B00DDFD94 /* ContentView.swift */ = {isa = PBXFileReference; lastKnownFileType = sourcecode.swift; path = ContentView.swift; sourceTree = "<group>"; };
		5B68A7AC269B63BF00AB0AE5 /* RegisteredCard.swift */ = {isa = PBXFileReference; lastKnownFileType = sourcecode.swift; path = RegisteredCard.swift; sourceTree = "<group>"; };
		5B68A7AE269B66FA00AB0AE5 /* HomeHeader.swift */ = {isa = PBXFileReference; lastKnownFileType = sourcecode.swift; path = HomeHeader.swift; sourceTree = "<group>"; };
		5B68A7B0269C947E00AB0AE5 /* AsyncImage.swift */ = {isa = PBXFileReference; lastKnownFileType = sourcecode.swift; path = AsyncImage.swift; sourceTree = "<group>"; };
		5B83CF0A26953044006CE36C /* Production.xcconfig */ = {isa = PBXFileReference; lastKnownFileType = text.xcconfig; path = Production.xcconfig; sourceTree = "<group>"; };
		5B83CF17269531CF006CE36C /* Staging.xcconfig */ = {isa = PBXFileReference; fileEncoding = 4; lastKnownFileType = text.xcconfig; path = Staging.xcconfig; sourceTree = "<group>"; };
		5BB06B40269A21EC001E1BF7 /* GradientRetangle.swift */ = {isa = PBXFileReference; lastKnownFileType = sourcecode.swift; path = GradientRetangle.swift; sourceTree = "<group>"; };
		5BB06B42269A3EAC001E1BF7 /* HomeFactory.swift */ = {isa = PBXFileReference; lastKnownFileType = sourcecode.swift; path = HomeFactory.swift; sourceTree = "<group>"; };
		5BB06B44269A3ED8001E1BF7 /* HomePresenter.swift */ = {isa = PBXFileReference; lastKnownFileType = sourcecode.swift; path = HomePresenter.swift; sourceTree = "<group>"; };
		5BB06B46269A3EE2001E1BF7 /* HomeViewModel.swift */ = {isa = PBXFileReference; lastKnownFileType = sourcecode.swift; path = HomeViewModel.swift; sourceTree = "<group>"; };
		5BCD722B269DF7290047BA15 /* LoadingCoordinator.swift */ = {isa = PBXFileReference; lastKnownFileType = sourcecode.swift; path = LoadingCoordinator.swift; sourceTree = "<group>"; };
		5BCD722E269DF7980047BA15 /* LoadingScreen.swift */ = {isa = PBXFileReference; lastKnownFileType = sourcecode.swift; path = LoadingScreen.swift; sourceTree = "<group>"; };
		5BCD723126A0B8D70047BA15 /* ToolBar.swift */ = {isa = PBXFileReference; lastKnownFileType = sourcecode.swift; path = ToolBar.swift; sourceTree = "<group>"; };
		5BCD723326A1188B0047BA15 /* ListOfTickets.swift */ = {isa = PBXFileReference; lastKnownFileType = sourcecode.swift; path = ListOfTickets.swift; sourceTree = "<group>"; };
		5BECC11526968CD10072030F /* SceneDelegate.swift */ = {isa = PBXFileReference; lastKnownFileType = sourcecode.swift; path = SceneDelegate.swift; sourceTree = "<group>"; };
		7905A4A21490DA2C8143645A /* Pods-Pay Flow.debug-production.xcconfig */ = {isa = PBXFileReference; includeInIndex = 1; lastKnownFileType = text.xcconfig; name = "Pods-Pay Flow.debug-production.xcconfig"; path = "Target Support Files/Pods-Pay Flow/Pods-Pay Flow.debug-production.xcconfig"; sourceTree = "<group>"; };
		7B8BF0489A23B87DC967ED24 /* Pods-Pay FlowTests.debug-staging.xcconfig */ = {isa = PBXFileReference; includeInIndex = 1; lastKnownFileType = text.xcconfig; name = "Pods-Pay FlowTests.debug-staging.xcconfig"; path = "Target Support Files/Pods-Pay FlowTests/Pods-Pay FlowTests.debug-staging.xcconfig"; sourceTree = "<group>"; };
		876B346526F079747853BF39 /* Pods-Pay Flow-Pay FlowUITests.release-staging.xcconfig */ = {isa = PBXFileReference; includeInIndex = 1; lastKnownFileType = text.xcconfig; name = "Pods-Pay Flow-Pay FlowUITests.release-staging.xcconfig"; path = "Target Support Files/Pods-Pay Flow-Pay FlowUITests/Pods-Pay Flow-Pay FlowUITests.release-staging.xcconfig"; sourceTree = "<group>"; };
		968D9CD31C5D649EB371AF24 /* Pods-Pay FlowTests.debug-production.xcconfig */ = {isa = PBXFileReference; includeInIndex = 1; lastKnownFileType = text.xcconfig; name = "Pods-Pay FlowTests.debug-production.xcconfig"; path = "Target Support Files/Pods-Pay FlowTests/Pods-Pay FlowTests.debug-production.xcconfig"; sourceTree = "<group>"; };
		B69E9CA4B2EB26BEB31A03B5 /* Pods-Pay Flow-Pay FlowUITests.release-production.xcconfig */ = {isa = PBXFileReference; includeInIndex = 1; lastKnownFileType = text.xcconfig; name = "Pods-Pay Flow-Pay FlowUITests.release-production.xcconfig"; path = "Target Support Files/Pods-Pay Flow-Pay FlowUITests/Pods-Pay Flow-Pay FlowUITests.release-production.xcconfig"; sourceTree = "<group>"; };
		B834FF8AEFC558EAF38338BD /* Pods-Pay FlowTests.release-production.xcconfig */ = {isa = PBXFileReference; includeInIndex = 1; lastKnownFileType = text.xcconfig; name = "Pods-Pay FlowTests.release-production.xcconfig"; path = "Target Support Files/Pods-Pay FlowTests/Pods-Pay FlowTests.release-production.xcconfig"; sourceTree = "<group>"; };
		C167EB0364F7991F18B6F537 /* Pods_Pay_FlowTests.framework */ = {isa = PBXFileReference; explicitFileType = wrapper.framework; includeInIndex = 0; path = Pods_Pay_FlowTests.framework; sourceTree = BUILT_PRODUCTS_DIR; };
		CF06D491B7EAEAA16B0787D0 /* Pods-Pay Flow.release-production.xcconfig */ = {isa = PBXFileReference; includeInIndex = 1; lastKnownFileType = text.xcconfig; name = "Pods-Pay Flow.release-production.xcconfig"; path = "Target Support Files/Pods-Pay Flow/Pods-Pay Flow.release-production.xcconfig"; sourceTree = "<group>"; };
		F0A897C8D07B45D586B3DA13 /* Pods-Pay Flow.release-staging.xcconfig */ = {isa = PBXFileReference; includeInIndex = 1; lastKnownFileType = text.xcconfig; name = "Pods-Pay Flow.release-staging.xcconfig"; path = "Target Support Files/Pods-Pay Flow/Pods-Pay Flow.release-staging.xcconfig"; sourceTree = "<group>"; };
/* End PBXFileReference section */

/* Begin PBXFrameworksBuildPhase section */
		5B528D4A2691F69500BC39B1 /* Frameworks */ = {
			isa = PBXFrameworksBuildPhase;
			buildActionMask = 2147483647;
			files = (
				5B5A0B972698DDD100DDFD94 /* Stinsen in Frameworks */,
				066D564D614BADD64117867D /* Pods_Pay_Flow.framework in Frameworks */,
			);
			runOnlyForDeploymentPostprocessing = 0;
		};
		5B528D5B2691F69700BC39B1 /* Frameworks */ = {
			isa = PBXFrameworksBuildPhase;
			buildActionMask = 2147483647;
			files = (
				0070C32287CF15D35102BAAA /* Pods_Pay_FlowTests.framework in Frameworks */,
			);
			runOnlyForDeploymentPostprocessing = 0;
		};
		5B528D662691F69700BC39B1 /* Frameworks */ = {
			isa = PBXFrameworksBuildPhase;
			buildActionMask = 2147483647;
			files = (
				CF1BE853CED9680D4B02BE87 /* Pods_Pay_Flow_Pay_FlowUITests.framework in Frameworks */,
			);
			runOnlyForDeploymentPostprocessing = 0;
		};
/* End PBXFrameworksBuildPhase section */

/* Begin PBXGroup section */
		5B528D442691F69500BC39B1 = {
			isa = PBXGroup;
			children = (
				5B5A0BB226990D6600DDFD94 /* README.md */,
				5B528D4F2691F69500BC39B1 /* Pay Flow */,
				5B528D612691F69700BC39B1 /* Pay FlowTests */,
				5B528D6C2691F69700BC39B1 /* Pay FlowUITests */,
				5B528D4E2691F69500BC39B1 /* Products */,
				99068F94F95F9D8249696B72 /* Pods */,
				CA9C8F8FBF17F41930B4676E /* Frameworks */,
			);
			sourceTree = "<group>";
		};
		5B528D4E2691F69500BC39B1 /* Products */ = {
			isa = PBXGroup;
			children = (
				5B528D4D2691F69500BC39B1 /* Pay Flow.app */,
				5B528D5E2691F69700BC39B1 /* Pay FlowTests.xctest */,
				5B528D692691F69700BC39B1 /* Pay FlowUITests.xctest */,
			);
			name = Products;
			sourceTree = "<group>";
		};
		5B528D4F2691F69500BC39B1 /* Pay Flow */ = {
			isa = PBXGroup;
			children = (
				5B5A0BB02698FF7800DDFD94 /* GoogleService-Info.plist */,
				5B83CF0326952D15006CE36C /* Application */,
				5B5A0B802698D0A900DDFD94 /* Common */,
				5B5A0BC22699434F00DDFD94 /* Middleware */,
				5B83CF0126952CDB006CE36C /* Resources */,
				5B83CF0226952CF2006CE36C /* System */,
			);
			path = "Pay Flow";
			sourceTree = "<group>";
		};
		5B528D562691F69700BC39B1 /* Preview Content */ = {
			isa = PBXGroup;
			children = (
				5B528D572691F69700BC39B1 /* Preview Assets.xcassets */,
			);
			path = "Preview Content";
			sourceTree = "<group>";
		};
		5B528D612691F69700BC39B1 /* Pay FlowTests */ = {
			isa = PBXGroup;
			children = (
				5B528D622691F69700BC39B1 /* Pay_FlowTests.swift */,
				5B528D642691F69700BC39B1 /* Info.plist */,
			);
			path = "Pay FlowTests";
			sourceTree = "<group>";
		};
		5B528D6C2691F69700BC39B1 /* Pay FlowUITests */ = {
			isa = PBXGroup;
			children = (
				5B528D6D2691F69700BC39B1 /* Pay_FlowUITests.swift */,
				5B528D6F2691F69700BC39B1 /* Info.plist */,
			);
			path = "Pay FlowUITests";
			sourceTree = "<group>";
		};
		5B5A0B802698D0A900DDFD94 /* Common */ = {
			isa = PBXGroup;
			children = (
				5BB06B3F269A21DB001E1BF7 /* Components */,
				5B5A0BB526991D2000DDFD94 /* Model */,
				5B5A0BB426991D0E00DDFD94 /* Manager */,
			);
			path = Common;
			sourceTree = "<group>";
		};
		5B5A0B9A2698DEA200DDFD94 /* Main */ = {
			isa = PBXGroup;
			children = (
				5B5A0B9B2698DF9900DDFD94 /* MainCoordinator.swift */,
				5B5A0BAF2698FD5800DDFD94 /* Factory */,
				5B5A0B9D2698E0F300DDFD94 /* Main */,
			);
			path = Main;
			sourceTree = "<group>";
		};
		5B5A0B9D2698E0F300DDFD94 /* Main */ = {
			isa = PBXGroup;
			children = (
				5B5A0B9E2698E10800DDFD94 /* MainView.swift */,
			);
			path = Main;
			sourceTree = "<group>";
		};
		5B5A0BA02698E23000DDFD94 /* Unauthenticated */ = {
			isa = PBXGroup;
			children = (
				5B5A0BA12698E23D00DDFD94 /* UnauthenticatedCoordinator.swift */,
				5B5A0BAC2698F21E00DDFD94 /* Factory */,
				5B5A0BA32698E27C00DDFD94 /* Login */,
			);
			path = Unauthenticated;
			sourceTree = "<group>";
		};
		5B5A0BA32698E27C00DDFD94 /* Login */ = {
			isa = PBXGroup;
			children = (
				5B5A0BA42698E2A300DDFD94 /* LoginScreen.swift */,
				5B5A0BA82698EC1F00DDFD94 /* LoginPresenter.swift */,
				5B5A0BAA2698EC8F00DDFD94 /* LoginViewModel.swift */,
			);
			path = Login;
			sourceTree = "<group>";
		};
		5B5A0BAC2698F21E00DDFD94 /* Factory */ = {
			isa = PBXGroup;
			children = (
				5B5A0BA62698EBAA00DDFD94 /* LoginFactory.swift */,
			);
			path = Factory;
			sourceTree = "<group>";
		};
		5B5A0BAF2698FD5800DDFD94 /* Factory */ = {
			isa = PBXGroup;
			children = (
			);
			path = Factory;
			sourceTree = "<group>";
		};
		5B5A0BB426991D0E00DDFD94 /* Manager */ = {
			isa = PBXGroup;
			children = (
			);
			path = Manager;
			sourceTree = "<group>";
		};
		5B5A0BB526991D2000DDFD94 /* Model */ = {
			isa = PBXGroup;
			children = (
			);
			path = Model;
			sourceTree = "<group>";
		};
		5B5A0BC1269926CC00DDFD94 /* Authenticated */ = {
			isa = PBXGroup;
			children = (
				5B5A0BC626994DE700DDFD94 /* AuthenticatedCoordinator.swift */,
				5B5A0BC826994E8200DDFD94 /* Factory */,
				5B5A0BC926994E8D00DDFD94 /* Home */,
				5BCD723026A0B8900047BA15 /* ToolBar */,
			);
			path = Authenticated;
			sourceTree = "<group>";
		};
		5B5A0BC22699434F00DDFD94 /* Middleware */ = {
			isa = PBXGroup;
			children = (
				5B5A0BC32699436300DDFD94 /* Authentication */,
			);
			path = Middleware;
			sourceTree = "<group>";
		};
		5B5A0BC32699436300DDFD94 /* Authentication */ = {
			isa = PBXGroup;
			children = (
				5B5A0BC42699437200DDFD94 /* AuthenticationManager.swift */,
			);
			path = Authentication;
			sourceTree = "<group>";
		};
		5B5A0BC826994E8200DDFD94 /* Factory */ = {
			isa = PBXGroup;
			children = (
				5BB06B42269A3EAC001E1BF7 /* HomeFactory.swift */,
			);
			path = Factory;
			sourceTree = "<group>";
		};
		5B5A0BC926994E8D00DDFD94 /* Home */ = {
			isa = PBXGroup;
			children = (
				5B68A7AB269B638500AB0AE5 /* Components */,
				5B5A0BCD26994EDA00DDFD94 /* HomeScreen.swift */,
				5BB06B44269A3ED8001E1BF7 /* HomePresenter.swift */,
				5BB06B46269A3EE2001E1BF7 /* HomeViewModel.swift */,
			);
			path = Home;
			sourceTree = "<group>";
		};
		5B68A7AB269B638500AB0AE5 /* Components */ = {
			isa = PBXGroup;
			children = (
				5B68A7AC269B63BF00AB0AE5 /* RegisteredCard.swift */,
				5B68A7AE269B66FA00AB0AE5 /* HomeHeader.swift */,
				5BCD723326A1188B0047BA15 /* ListOfTickets.swift */,
			);
			path = Components;
			sourceTree = "<group>";
		};
		5B83CF0126952CDB006CE36C /* Resources */ = {
			isa = PBXGroup;
			children = (
				5B528D592691F69700BC39B1 /* Info.plist */,
				5B5A0BAD2698FC3F00DDFD94 /* Launch Screen.storyboard */,
				5B528D542691F69700BC39B1 /* Assets.xcassets */,
				5B83CF0526952F64006CE36C /* Configs */,
				5B528D562691F69700BC39B1 /* Preview Content */,
			);
			path = Resources;
			sourceTree = "<group>";
		};
		5B83CF0226952CF2006CE36C /* System */ = {
			isa = PBXGroup;
			children = (
				5B528D502691F69500BC39B1 /* AppDelegate.swift */,
				5BECC11526968CD10072030F /* SceneDelegate.swift */,
				5B5A0BCF2699507B00DDFD94 /* ContentView.swift */,
			);
			path = System;
			sourceTree = "<group>";
		};
		5B83CF0326952D15006CE36C /* Application */ = {
			isa = PBXGroup;
			children = (
				5BCD722A269DF6FD0047BA15 /* Loading */,
				5B5A0BC1269926CC00DDFD94 /* Authenticated */,
				5B5A0BA02698E23000DDFD94 /* Unauthenticated */,
				5B5A0B9A2698DEA200DDFD94 /* Main */,
			);
			path = Application;
			sourceTree = "<group>";
		};
		5B83CF0526952F64006CE36C /* Configs */ = {
			isa = PBXGroup;
			children = (
				5B83CF17269531CF006CE36C /* Staging.xcconfig */,
				5B83CF0A26953044006CE36C /* Production.xcconfig */,
			);
			path = Configs;
			sourceTree = "<group>";
		};
		5BB06B3F269A21DB001E1BF7 /* Components */ = {
			isa = PBXGroup;
			children = (
				5BB06B40269A21EC001E1BF7 /* GradientRetangle.swift */,
				5B68A7B0269C947E00AB0AE5 /* AsyncImage.swift */,
			);
			path = Components;
			sourceTree = "<group>";
		};
		5BCD722A269DF6FD0047BA15 /* Loading */ = {
			isa = PBXGroup;
			children = (
				5BCD722B269DF7290047BA15 /* LoadingCoordinator.swift */,
				5BCD722D269DF78D0047BA15 /* Loading */,
			);
			path = Loading;
			sourceTree = "<group>";
		};
		5BCD722D269DF78D0047BA15 /* Loading */ = {
			isa = PBXGroup;
			children = (
				5BCD722E269DF7980047BA15 /* LoadingScreen.swift */,
			);
			path = Loading;
			sourceTree = "<group>";
		};
		5BCD723026A0B8900047BA15 /* ToolBar */ = {
			isa = PBXGroup;
			children = (
				5BCD723126A0B8D70047BA15 /* ToolBar.swift */,
			);
			path = ToolBar;
			sourceTree = "<group>";
		};
		99068F94F95F9D8249696B72 /* Pods */ = {
			isa = PBXGroup;
			children = (
				218B8D1C82D8E9EED7FC232D /* Pods-Pay Flow.debug-staging.xcconfig */,
				7905A4A21490DA2C8143645A /* Pods-Pay Flow.debug-production.xcconfig */,
				CF06D491B7EAEAA16B0787D0 /* Pods-Pay Flow.release-production.xcconfig */,
				F0A897C8D07B45D586B3DA13 /* Pods-Pay Flow.release-staging.xcconfig */,
				4E0EE7192BAAC7DD1ECCCA88 /* Pods-Pay Flow-Pay FlowUITests.debug-staging.xcconfig */,
				5503FC26A9D3FC8E58325E3F /* Pods-Pay Flow-Pay FlowUITests.debug-production.xcconfig */,
				B69E9CA4B2EB26BEB31A03B5 /* Pods-Pay Flow-Pay FlowUITests.release-production.xcconfig */,
				876B346526F079747853BF39 /* Pods-Pay Flow-Pay FlowUITests.release-staging.xcconfig */,
				7B8BF0489A23B87DC967ED24 /* Pods-Pay FlowTests.debug-staging.xcconfig */,
				968D9CD31C5D649EB371AF24 /* Pods-Pay FlowTests.debug-production.xcconfig */,
				B834FF8AEFC558EAF38338BD /* Pods-Pay FlowTests.release-production.xcconfig */,
				066A34CBDC511D69D8E8F003 /* Pods-Pay FlowTests.release-staging.xcconfig */,
			);
			path = Pods;
			sourceTree = "<group>";
		};
		CA9C8F8FBF17F41930B4676E /* Frameworks */ = {
			isa = PBXGroup;
			children = (
				0777C2F760BA49285C872D6D /* Pods_Pay_Flow.framework */,
				3C73BA51D6D79B41A2BEF8D8 /* Pods_Pay_Flow_Pay_FlowUITests.framework */,
				C167EB0364F7991F18B6F537 /* Pods_Pay_FlowTests.framework */,
			);
			name = Frameworks;
			sourceTree = "<group>";
		};
/* End PBXGroup section */

/* Begin PBXNativeTarget section */
		5B528D4C2691F69500BC39B1 /* Pay Flow */ = {
			isa = PBXNativeTarget;
			buildConfigurationList = 5B528D722691F69700BC39B1 /* Build configuration list for PBXNativeTarget "Pay Flow" */;
			buildPhases = (
				3B24D876211B974788D2ADDD /* [CP] Check Pods Manifest.lock */,
				5B528D492691F69500BC39B1 /* Sources */,
				5B528D4A2691F69500BC39B1 /* Frameworks */,
				5B528D4B2691F69500BC39B1 /* Resources */,
				5B5A0B992698DDD100DDFD94 /* Embed Frameworks */,
				AD4E2321E42CC8FF22B4A6BF /* [CP] Embed Pods Frameworks */,
				BB63666C9C5699DB3E881795 /* [CP] Copy Pods Resources */,
			);
			buildRules = (
			);
			dependencies = (
			);
			name = "Pay Flow";
			packageProductDependencies = (
				5B5A0B962698DDD100DDFD94 /* Stinsen */,
			);
			productName = "Pay Flow";
			productReference = 5B528D4D2691F69500BC39B1 /* Pay Flow.app */;
			productType = "com.apple.product-type.application";
		};
		5B528D5D2691F69700BC39B1 /* Pay FlowTests */ = {
			isa = PBXNativeTarget;
			buildConfigurationList = 5B528D752691F69700BC39B1 /* Build configuration list for PBXNativeTarget "Pay FlowTests" */;
			buildPhases = (
				A287D76160B51742533DBD5F /* [CP] Check Pods Manifest.lock */,
				5B528D5A2691F69700BC39B1 /* Sources */,
				5B528D5B2691F69700BC39B1 /* Frameworks */,
				5B528D5C2691F69700BC39B1 /* Resources */,
			);
			buildRules = (
			);
			dependencies = (
				5B528D602691F69700BC39B1 /* PBXTargetDependency */,
			);
			name = "Pay FlowTests";
			productName = "Pay FlowTests";
			productReference = 5B528D5E2691F69700BC39B1 /* Pay FlowTests.xctest */;
			productType = "com.apple.product-type.bundle.unit-test";
		};
		5B528D682691F69700BC39B1 /* Pay FlowUITests */ = {
			isa = PBXNativeTarget;
			buildConfigurationList = 5B528D782691F69700BC39B1 /* Build configuration list for PBXNativeTarget "Pay FlowUITests" */;
			buildPhases = (
				D915CFDCB18941784505025D /* [CP] Check Pods Manifest.lock */,
				5B528D652691F69700BC39B1 /* Sources */,
				5B528D662691F69700BC39B1 /* Frameworks */,
				5B528D672691F69700BC39B1 /* Resources */,
				C7DC38C29421FACFEFAE4ACF /* [CP] Embed Pods Frameworks */,
				A4EBAC0EED528F0ADF1FE0C9 /* [CP] Copy Pods Resources */,
			);
			buildRules = (
			);
			dependencies = (
				5B528D6B2691F69700BC39B1 /* PBXTargetDependency */,
			);
			name = "Pay FlowUITests";
			productName = "Pay FlowUITests";
			productReference = 5B528D692691F69700BC39B1 /* Pay FlowUITests.xctest */;
			productType = "com.apple.product-type.bundle.ui-testing";
		};
/* End PBXNativeTarget section */

/* Begin PBXProject section */
		5B528D452691F69500BC39B1 /* Project object */ = {
			isa = PBXProject;
			attributes = {
				LastSwiftUpdateCheck = 1250;
				LastUpgradeCheck = 1250;
				TargetAttributes = {
					5B528D4C2691F69500BC39B1 = {
						CreatedOnToolsVersion = 12.5.1;
					};
					5B528D5D2691F69700BC39B1 = {
						CreatedOnToolsVersion = 12.5.1;
						TestTargetID = 5B528D4C2691F69500BC39B1;
					};
					5B528D682691F69700BC39B1 = {
						CreatedOnToolsVersion = 12.5.1;
						TestTargetID = 5B528D4C2691F69500BC39B1;
					};
				};
			};
			buildConfigurationList = 5B528D482691F69500BC39B1 /* Build configuration list for PBXProject "Pay Flow" */;
			compatibilityVersion = "Xcode 9.3";
			developmentRegion = en;
			hasScannedForEncodings = 0;
			knownRegions = (
				en,
				Base,
			);
			mainGroup = 5B528D442691F69500BC39B1;
			packageReferences = (
				5B5A0B952698DDD100DDFD94 /* XCRemoteSwiftPackageReference "stinsen" */,
			);
			productRefGroup = 5B528D4E2691F69500BC39B1 /* Products */;
			projectDirPath = "";
			projectRoot = "";
			targets = (
				5B528D4C2691F69500BC39B1 /* Pay Flow */,
				5B528D5D2691F69700BC39B1 /* Pay FlowTests */,
				5B528D682691F69700BC39B1 /* Pay FlowUITests */,
			);
		};
/* End PBXProject section */

/* Begin PBXResourcesBuildPhase section */
		5B528D4B2691F69500BC39B1 /* Resources */ = {
			isa = PBXResourcesBuildPhase;
			buildActionMask = 2147483647;
			files = (
				5B5A0BAE2698FC3F00DDFD94 /* Launch Screen.storyboard in Resources */,
				5B5A0BB12698FF7800DDFD94 /* GoogleService-Info.plist in Resources */,
				5B5A0BB326990D6600DDFD94 /* README.md in Resources */,
				5B528D582691F69700BC39B1 /* Preview Assets.xcassets in Resources */,
				5B528D552691F69700BC39B1 /* Assets.xcassets in Resources */,
			);
			runOnlyForDeploymentPostprocessing = 0;
		};
		5B528D5C2691F69700BC39B1 /* Resources */ = {
			isa = PBXResourcesBuildPhase;
			buildActionMask = 2147483647;
			files = (
			);
			runOnlyForDeploymentPostprocessing = 0;
		};
		5B528D672691F69700BC39B1 /* Resources */ = {
			isa = PBXResourcesBuildPhase;
			buildActionMask = 2147483647;
			files = (
			);
			runOnlyForDeploymentPostprocessing = 0;
		};
/* End PBXResourcesBuildPhase section */

/* Begin PBXShellScriptBuildPhase section */
		3B24D876211B974788D2ADDD /* [CP] Check Pods Manifest.lock */ = {
			isa = PBXShellScriptBuildPhase;
			buildActionMask = 2147483647;
			files = (
			);
			inputFileListPaths = (
			);
			inputPaths = (
				"${PODS_PODFILE_DIR_PATH}/Podfile.lock",
				"${PODS_ROOT}/Manifest.lock",
			);
			name = "[CP] Check Pods Manifest.lock";
			outputFileListPaths = (
			);
			outputPaths = (
				"$(DERIVED_FILE_DIR)/Pods-Pay Flow-checkManifestLockResult.txt",
			);
			runOnlyForDeploymentPostprocessing = 0;
			shellPath = /bin/sh;
			shellScript = "diff \"${PODS_PODFILE_DIR_PATH}/Podfile.lock\" \"${PODS_ROOT}/Manifest.lock\" > /dev/null\nif [ $? != 0 ] ; then\n    # print error to STDERR\n    echo \"error: The sandbox is not in sync with the Podfile.lock. Run 'pod install' or update your CocoaPods installation.\" >&2\n    exit 1\nfi\n# This output is used by Xcode 'outputs' to avoid re-running this script phase.\necho \"SUCCESS\" > \"${SCRIPT_OUTPUT_FILE_0}\"\n";
			showEnvVarsInLog = 0;
		};
		A287D76160B51742533DBD5F /* [CP] Check Pods Manifest.lock */ = {
			isa = PBXShellScriptBuildPhase;
			buildActionMask = 2147483647;
			files = (
			);
			inputFileListPaths = (
			);
			inputPaths = (
				"${PODS_PODFILE_DIR_PATH}/Podfile.lock",
				"${PODS_ROOT}/Manifest.lock",
			);
			name = "[CP] Check Pods Manifest.lock";
			outputFileListPaths = (
			);
			outputPaths = (
				"$(DERIVED_FILE_DIR)/Pods-Pay FlowTests-checkManifestLockResult.txt",
			);
			runOnlyForDeploymentPostprocessing = 0;
			shellPath = /bin/sh;
			shellScript = "diff \"${PODS_PODFILE_DIR_PATH}/Podfile.lock\" \"${PODS_ROOT}/Manifest.lock\" > /dev/null\nif [ $? != 0 ] ; then\n    # print error to STDERR\n    echo \"error: The sandbox is not in sync with the Podfile.lock. Run 'pod install' or update your CocoaPods installation.\" >&2\n    exit 1\nfi\n# This output is used by Xcode 'outputs' to avoid re-running this script phase.\necho \"SUCCESS\" > \"${SCRIPT_OUTPUT_FILE_0}\"\n";
			showEnvVarsInLog = 0;
		};
		A4EBAC0EED528F0ADF1FE0C9 /* [CP] Copy Pods Resources */ = {
			isa = PBXShellScriptBuildPhase;
			buildActionMask = 2147483647;
			files = (
			);
			inputFileListPaths = (
				"${PODS_ROOT}/Target Support Files/Pods-Pay Flow-Pay FlowUITests/Pods-Pay Flow-Pay FlowUITests-resources-${CONFIGURATION}-input-files.xcfilelist",
			);
			name = "[CP] Copy Pods Resources";
			outputFileListPaths = (
				"${PODS_ROOT}/Target Support Files/Pods-Pay Flow-Pay FlowUITests/Pods-Pay Flow-Pay FlowUITests-resources-${CONFIGURATION}-output-files.xcfilelist",
			);
			runOnlyForDeploymentPostprocessing = 0;
			shellPath = /bin/sh;
			shellScript = "\"${PODS_ROOT}/Target Support Files/Pods-Pay Flow-Pay FlowUITests/Pods-Pay Flow-Pay FlowUITests-resources.sh\"\n";
			showEnvVarsInLog = 0;
		};
		AD4E2321E42CC8FF22B4A6BF /* [CP] Embed Pods Frameworks */ = {
			isa = PBXShellScriptBuildPhase;
			buildActionMask = 2147483647;
			files = (
			);
			inputFileListPaths = (
				"${PODS_ROOT}/Target Support Files/Pods-Pay Flow/Pods-Pay Flow-frameworks-${CONFIGURATION}-input-files.xcfilelist",
			);
			name = "[CP] Embed Pods Frameworks";
			outputFileListPaths = (
				"${PODS_ROOT}/Target Support Files/Pods-Pay Flow/Pods-Pay Flow-frameworks-${CONFIGURATION}-output-files.xcfilelist",
			);
			runOnlyForDeploymentPostprocessing = 0;
			shellPath = /bin/sh;
			shellScript = "\"${PODS_ROOT}/Target Support Files/Pods-Pay Flow/Pods-Pay Flow-frameworks.sh\"\n";
			showEnvVarsInLog = 0;
		};
		BB63666C9C5699DB3E881795 /* [CP] Copy Pods Resources */ = {
			isa = PBXShellScriptBuildPhase;
			buildActionMask = 2147483647;
			files = (
			);
			inputFileListPaths = (
				"${PODS_ROOT}/Target Support Files/Pods-Pay Flow/Pods-Pay Flow-resources-${CONFIGURATION}-input-files.xcfilelist",
			);
			name = "[CP] Copy Pods Resources";
			outputFileListPaths = (
				"${PODS_ROOT}/Target Support Files/Pods-Pay Flow/Pods-Pay Flow-resources-${CONFIGURATION}-output-files.xcfilelist",
			);
			runOnlyForDeploymentPostprocessing = 0;
			shellPath = /bin/sh;
			shellScript = "\"${PODS_ROOT}/Target Support Files/Pods-Pay Flow/Pods-Pay Flow-resources.sh\"\n";
			showEnvVarsInLog = 0;
		};
		C7DC38C29421FACFEFAE4ACF /* [CP] Embed Pods Frameworks */ = {
			isa = PBXShellScriptBuildPhase;
			buildActionMask = 2147483647;
			files = (
			);
			inputFileListPaths = (
				"${PODS_ROOT}/Target Support Files/Pods-Pay Flow-Pay FlowUITests/Pods-Pay Flow-Pay FlowUITests-frameworks-${CONFIGURATION}-input-files.xcfilelist",
			);
			name = "[CP] Embed Pods Frameworks";
			outputFileListPaths = (
				"${PODS_ROOT}/Target Support Files/Pods-Pay Flow-Pay FlowUITests/Pods-Pay Flow-Pay FlowUITests-frameworks-${CONFIGURATION}-output-files.xcfilelist",
			);
			runOnlyForDeploymentPostprocessing = 0;
			shellPath = /bin/sh;
			shellScript = "\"${PODS_ROOT}/Target Support Files/Pods-Pay Flow-Pay FlowUITests/Pods-Pay Flow-Pay FlowUITests-frameworks.sh\"\n";
			showEnvVarsInLog = 0;
		};
		D915CFDCB18941784505025D /* [CP] Check Pods Manifest.lock */ = {
			isa = PBXShellScriptBuildPhase;
			buildActionMask = 2147483647;
			files = (
			);
			inputFileListPaths = (
			);
			inputPaths = (
				"${PODS_PODFILE_DIR_PATH}/Podfile.lock",
				"${PODS_ROOT}/Manifest.lock",
			);
			name = "[CP] Check Pods Manifest.lock";
			outputFileListPaths = (
			);
			outputPaths = (
				"$(DERIVED_FILE_DIR)/Pods-Pay Flow-Pay FlowUITests-checkManifestLockResult.txt",
			);
			runOnlyForDeploymentPostprocessing = 0;
			shellPath = /bin/sh;
			shellScript = "diff \"${PODS_PODFILE_DIR_PATH}/Podfile.lock\" \"${PODS_ROOT}/Manifest.lock\" > /dev/null\nif [ $? != 0 ] ; then\n    # print error to STDERR\n    echo \"error: The sandbox is not in sync with the Podfile.lock. Run 'pod install' or update your CocoaPods installation.\" >&2\n    exit 1\nfi\n# This output is used by Xcode 'outputs' to avoid re-running this script phase.\necho \"SUCCESS\" > \"${SCRIPT_OUTPUT_FILE_0}\"\n";
			showEnvVarsInLog = 0;
		};
/* End PBXShellScriptBuildPhase section */

/* Begin PBXSourcesBuildPhase section */
		5B528D492691F69500BC39B1 /* Sources */ = {
			isa = PBXSourcesBuildPhase;
			buildActionMask = 2147483647;
			files = (
				5B68A7B1269C947E00AB0AE5 /* AsyncImage.swift in Sources */,
				5BB06B47269A3EE2001E1BF7 /* HomeViewModel.swift in Sources */,
				5B68A7AD269B63BF00AB0AE5 /* RegisteredCard.swift in Sources */,
				5B5A0BA92698EC1F00DDFD94 /* LoginPresenter.swift in Sources */,
				5B528D512691F69500BC39B1 /* AppDelegate.swift in Sources */,
				5BCD723226A0B8D70047BA15 /* ToolBar.swift in Sources */,
				5B68A7AF269B66FA00AB0AE5 /* HomeHeader.swift in Sources */,
				5B5A0BD02699507B00DDFD94 /* ContentView.swift in Sources */,
				5B5A0BA72698EBAA00DDFD94 /* LoginFactory.swift in Sources */,
				5B5A0BC52699437200DDFD94 /* AuthenticationManager.swift in Sources */,
				5B5A0B9F2698E10800DDFD94 /* MainView.swift in Sources */,
				5B5A0BCE26994EDA00DDFD94 /* HomeScreen.swift in Sources */,
				5B5A0B9C2698DF9900DDFD94 /* MainCoordinator.swift in Sources */,
				5BCD722F269DF7980047BA15 /* LoadingScreen.swift in Sources */,
				5B5A0BA22698E23D00DDFD94 /* UnauthenticatedCoordinator.swift in Sources */,
				5B5A0BC726994DE700DDFD94 /* AuthenticatedCoordinator.swift in Sources */,
				5BECC11626968CD10072030F /* SceneDelegate.swift in Sources */,
				5BB06B43269A3EAC001E1BF7 /* HomeFactory.swift in Sources */,
				5BCD722C269DF7290047BA15 /* LoadingCoordinator.swift in Sources */,
				5BB06B41269A21EC001E1BF7 /* GradientRetangle.swift in Sources */,
				5B5A0BA52698E2A300DDFD94 /* LoginScreen.swift in Sources */,
				5B5A0BAB2698EC8F00DDFD94 /* LoginViewModel.swift in Sources */,
				5BCD723426A1188B0047BA15 /* ListOfTickets.swift in Sources */,
				5BB06B45269A3ED8001E1BF7 /* HomePresenter.swift in Sources */,
			);
			runOnlyForDeploymentPostprocessing = 0;
		};
		5B528D5A2691F69700BC39B1 /* Sources */ = {
			isa = PBXSourcesBuildPhase;
			buildActionMask = 2147483647;
			files = (
				5B528D632691F69700BC39B1 /* Pay_FlowTests.swift in Sources */,
			);
			runOnlyForDeploymentPostprocessing = 0;
		};
		5B528D652691F69700BC39B1 /* Sources */ = {
			isa = PBXSourcesBuildPhase;
			buildActionMask = 2147483647;
			files = (
				5B528D6E2691F69700BC39B1 /* Pay_FlowUITests.swift in Sources */,
			);
			runOnlyForDeploymentPostprocessing = 0;
		};
/* End PBXSourcesBuildPhase section */

/* Begin PBXTargetDependency section */
		5B528D602691F69700BC39B1 /* PBXTargetDependency */ = {
			isa = PBXTargetDependency;
			target = 5B528D4C2691F69500BC39B1 /* Pay Flow */;
			targetProxy = 5B528D5F2691F69700BC39B1 /* PBXContainerItemProxy */;
		};
		5B528D6B2691F69700BC39B1 /* PBXTargetDependency */ = {
			isa = PBXTargetDependency;
			target = 5B528D4C2691F69500BC39B1 /* Pay Flow */;
			targetProxy = 5B528D6A2691F69700BC39B1 /* PBXContainerItemProxy */;
		};
/* End PBXTargetDependency section */

/* Begin XCBuildConfiguration section */
		5B528D702691F69700BC39B1 /* Debug-Staging */ = {
			isa = XCBuildConfiguration;
			baseConfigurationReference = 5B83CF17269531CF006CE36C /* Staging.xcconfig */;
			buildSettings = {
				ALWAYS_SEARCH_USER_PATHS = NO;
				CLANG_ANALYZER_NONNULL = YES;
				CLANG_ANALYZER_NUMBER_OBJECT_CONVERSION = YES_AGGRESSIVE;
				CLANG_CXX_LANGUAGE_STANDARD = "gnu++14";
				CLANG_CXX_LIBRARY = "libc++";
				CLANG_ENABLE_MODULES = YES;
				CLANG_ENABLE_OBJC_ARC = YES;
				CLANG_ENABLE_OBJC_WEAK = YES;
				CLANG_WARN_BLOCK_CAPTURE_AUTORELEASING = YES;
				CLANG_WARN_BOOL_CONVERSION = YES;
				CLANG_WARN_COMMA = YES;
				CLANG_WARN_CONSTANT_CONVERSION = YES;
				CLANG_WARN_DEPRECATED_OBJC_IMPLEMENTATIONS = YES;
				CLANG_WARN_DIRECT_OBJC_ISA_USAGE = YES_ERROR;
				CLANG_WARN_DOCUMENTATION_COMMENTS = YES;
				CLANG_WARN_EMPTY_BODY = YES;
				CLANG_WARN_ENUM_CONVERSION = YES;
				CLANG_WARN_INFINITE_RECURSION = YES;
				CLANG_WARN_INT_CONVERSION = YES;
				CLANG_WARN_NON_LITERAL_NULL_CONVERSION = YES;
				CLANG_WARN_OBJC_IMPLICIT_RETAIN_SELF = YES;
				CLANG_WARN_OBJC_LITERAL_CONVERSION = YES;
				CLANG_WARN_OBJC_ROOT_CLASS = YES_ERROR;
				CLANG_WARN_QUOTED_INCLUDE_IN_FRAMEWORK_HEADER = YES;
				CLANG_WARN_RANGE_LOOP_ANALYSIS = YES;
				CLANG_WARN_STRICT_PROTOTYPES = YES;
				CLANG_WARN_SUSPICIOUS_MOVE = YES;
				CLANG_WARN_UNGUARDED_AVAILABILITY = YES_AGGRESSIVE;
				CLANG_WARN_UNREACHABLE_CODE = YES;
				CLANG_WARN__DUPLICATE_METHOD_MATCH = YES;
				COPY_PHASE_STRIP = NO;
				DEBUG_INFORMATION_FORMAT = dwarf;
				ENABLE_STRICT_OBJC_MSGSEND = YES;
				ENABLE_TESTABILITY = YES;
				GCC_C_LANGUAGE_STANDARD = gnu11;
				GCC_DYNAMIC_NO_PIC = NO;
				GCC_NO_COMMON_BLOCKS = YES;
				GCC_OPTIMIZATION_LEVEL = 0;
				GCC_PREPROCESSOR_DEFINITIONS = (
					"DEBUG=1",
					"$(inherited)",
				);
				GCC_WARN_64_TO_32_BIT_CONVERSION = YES;
				GCC_WARN_ABOUT_RETURN_TYPE = YES_ERROR;
				GCC_WARN_UNDECLARED_SELECTOR = YES;
				GCC_WARN_UNINITIALIZED_AUTOS = YES_AGGRESSIVE;
				GCC_WARN_UNUSED_FUNCTION = YES;
				GCC_WARN_UNUSED_VARIABLE = YES;
				IPHONEOS_DEPLOYMENT_TARGET = 14.5;
				MTL_ENABLE_DEBUG_INFO = INCLUDE_SOURCE;
				MTL_FAST_MATH = YES;
				ONLY_ACTIVE_ARCH = YES;
				SDKROOT = iphoneos;
				SWIFT_ACTIVE_COMPILATION_CONDITIONS = DEBUG;
				SWIFT_OPTIMIZATION_LEVEL = "-Onone";
			};
			name = "Debug-Staging";
		};
		5B528D712691F69700BC39B1 /* Release-Production */ = {
			isa = XCBuildConfiguration;
			baseConfigurationReference = 5B83CF0A26953044006CE36C /* Production.xcconfig */;
			buildSettings = {
				ALWAYS_SEARCH_USER_PATHS = NO;
				CLANG_ANALYZER_NONNULL = YES;
				CLANG_ANALYZER_NUMBER_OBJECT_CONVERSION = YES_AGGRESSIVE;
				CLANG_CXX_LANGUAGE_STANDARD = "gnu++14";
				CLANG_CXX_LIBRARY = "libc++";
				CLANG_ENABLE_MODULES = YES;
				CLANG_ENABLE_OBJC_ARC = YES;
				CLANG_ENABLE_OBJC_WEAK = YES;
				CLANG_WARN_BLOCK_CAPTURE_AUTORELEASING = YES;
				CLANG_WARN_BOOL_CONVERSION = YES;
				CLANG_WARN_COMMA = YES;
				CLANG_WARN_CONSTANT_CONVERSION = YES;
				CLANG_WARN_DEPRECATED_OBJC_IMPLEMENTATIONS = YES;
				CLANG_WARN_DIRECT_OBJC_ISA_USAGE = YES_ERROR;
				CLANG_WARN_DOCUMENTATION_COMMENTS = YES;
				CLANG_WARN_EMPTY_BODY = YES;
				CLANG_WARN_ENUM_CONVERSION = YES;
				CLANG_WARN_INFINITE_RECURSION = YES;
				CLANG_WARN_INT_CONVERSION = YES;
				CLANG_WARN_NON_LITERAL_NULL_CONVERSION = YES;
				CLANG_WARN_OBJC_IMPLICIT_RETAIN_SELF = YES;
				CLANG_WARN_OBJC_LITERAL_CONVERSION = YES;
				CLANG_WARN_OBJC_ROOT_CLASS = YES_ERROR;
				CLANG_WARN_QUOTED_INCLUDE_IN_FRAMEWORK_HEADER = YES;
				CLANG_WARN_RANGE_LOOP_ANALYSIS = YES;
				CLANG_WARN_STRICT_PROTOTYPES = YES;
				CLANG_WARN_SUSPICIOUS_MOVE = YES;
				CLANG_WARN_UNGUARDED_AVAILABILITY = YES_AGGRESSIVE;
				CLANG_WARN_UNREACHABLE_CODE = YES;
				CLANG_WARN__DUPLICATE_METHOD_MATCH = YES;
				COPY_PHASE_STRIP = NO;
				DEBUG_INFORMATION_FORMAT = "dwarf-with-dsym";
				ENABLE_NS_ASSERTIONS = NO;
				ENABLE_STRICT_OBJC_MSGSEND = YES;
				GCC_C_LANGUAGE_STANDARD = gnu11;
				GCC_NO_COMMON_BLOCKS = YES;
				GCC_WARN_64_TO_32_BIT_CONVERSION = YES;
				GCC_WARN_ABOUT_RETURN_TYPE = YES_ERROR;
				GCC_WARN_UNDECLARED_SELECTOR = YES;
				GCC_WARN_UNINITIALIZED_AUTOS = YES_AGGRESSIVE;
				GCC_WARN_UNUSED_FUNCTION = YES;
				GCC_WARN_UNUSED_VARIABLE = YES;
				IPHONEOS_DEPLOYMENT_TARGET = 14.5;
				MTL_ENABLE_DEBUG_INFO = NO;
				MTL_FAST_MATH = YES;
				SDKROOT = iphoneos;
				SWIFT_COMPILATION_MODE = wholemodule;
				SWIFT_OPTIMIZATION_LEVEL = "-O";
				VALIDATE_PRODUCT = YES;
			};
			name = "Release-Production";
		};
		5B528D732691F69700BC39B1 /* Debug-Staging */ = {
			isa = XCBuildConfiguration;
			baseConfigurationReference = 5B83CF17269531CF006CE36C /* Staging.xcconfig */;
			buildSettings = {
				ASSETCATALOG_COMPILER_APPICON_NAME = AppIcon;
				ASSETCATALOG_COMPILER_GLOBAL_ACCENT_COLOR_NAME = AccentColor;
				CODE_SIGN_STYLE = Automatic;
				DEVELOPMENT_ASSET_PATHS = "\"Pay Flow/Resources/Preview Content\"";
				DEVELOPMENT_TEAM = Z42V6W967K;
				ENABLE_PREVIEWS = YES;
				INFOPLIST_FILE = "Pay Flow/Resources/Info.plist";
				IPHONEOS_DEPLOYMENT_TARGET = 14.0;
				LD_RUNPATH_SEARCH_PATHS = (
					"$(inherited)",
					"@executable_path/Frameworks",
				);
				PRODUCT_BUNDLE_IDENTIFIER = "io.souzarodrigo.qa.Pay-Flow";
				PRODUCT_NAME = "$(TARGET_NAME)";
				SWIFT_VERSION = 5.0;
				TARGETED_DEVICE_FAMILY = "1,2";
			};
			name = "Debug-Staging";
		};
		5B528D742691F69700BC39B1 /* Release-Production */ = {
			isa = XCBuildConfiguration;
			baseConfigurationReference = CF06D491B7EAEAA16B0787D0 /* Pods-Pay Flow.release-production.xcconfig */;
			buildSettings = {
				ASSETCATALOG_COMPILER_APPICON_NAME = AppIcon;
				ASSETCATALOG_COMPILER_GLOBAL_ACCENT_COLOR_NAME = AccentColor;
				CODE_SIGN_STYLE = Automatic;
				DEVELOPMENT_ASSET_PATHS = "\"Pay Flow/Resources/Preview Content\"";
				DEVELOPMENT_TEAM = Z42V6W967K;
				ENABLE_PREVIEWS = YES;
				INFOPLIST_FILE = "Pay Flow/Resources/Info.plist";
				IPHONEOS_DEPLOYMENT_TARGET = 14.0;
				LD_RUNPATH_SEARCH_PATHS = (
					"$(inherited)",
					"@executable_path/Frameworks",
				);
				PRODUCT_BUNDLE_IDENTIFIER = "io.souzarodrigo.Pay-Flow";
				PRODUCT_NAME = "$(TARGET_NAME)";
				SWIFT_VERSION = 5.0;
				TARGETED_DEVICE_FAMILY = "1,2";
			};
			name = "Release-Production";
		};
		5B528D762691F69700BC39B1 /* Debug-Staging */ = {
			isa = XCBuildConfiguration;
			baseConfigurationReference = 5B83CF17269531CF006CE36C /* Staging.xcconfig */;
			buildSettings = {
				ALWAYS_EMBED_SWIFT_STANDARD_LIBRARIES = YES;
				BUNDLE_LOADER = "$(TEST_HOST)";
				CODE_SIGN_STYLE = Automatic;
				DEVELOPMENT_TEAM = Z42V6W967K;
				INFOPLIST_FILE = "Pay FlowTests/Info.plist";
				IPHONEOS_DEPLOYMENT_TARGET = 14.0;
				LD_RUNPATH_SEARCH_PATHS = (
					"$(inherited)",
					"@executable_path/Frameworks",
					"@loader_path/Frameworks",
				);
				PRODUCT_BUNDLE_IDENTIFIER = "io.souzarodrigo.Pay-FlowTests";
				PRODUCT_NAME = "$(TARGET_NAME)";
				SWIFT_VERSION = 5.0;
				TARGETED_DEVICE_FAMILY = "1,2";
				TEST_HOST = "$(BUILT_PRODUCTS_DIR)/Pay Flow.app/Pay Flow";
			};
			name = "Debug-Staging";
		};
		5B528D772691F69700BC39B1 /* Release-Production */ = {
			isa = XCBuildConfiguration;
			baseConfigurationReference = B834FF8AEFC558EAF38338BD /* Pods-Pay FlowTests.release-production.xcconfig */;
			buildSettings = {
				ALWAYS_EMBED_SWIFT_STANDARD_LIBRARIES = YES;
				BUNDLE_LOADER = "$(TEST_HOST)";
				CODE_SIGN_STYLE = Automatic;
				DEVELOPMENT_TEAM = Z42V6W967K;
				INFOPLIST_FILE = "Pay FlowTests/Info.plist";
				IPHONEOS_DEPLOYMENT_TARGET = 14.0;
				LD_RUNPATH_SEARCH_PATHS = (
					"$(inherited)",
					"@executable_path/Frameworks",
					"@loader_path/Frameworks",
				);
				PRODUCT_BUNDLE_IDENTIFIER = "io.souzarodrigo.Pay-FlowTests";
				PRODUCT_NAME = "$(TARGET_NAME)";
				SWIFT_VERSION = 5.0;
				TARGETED_DEVICE_FAMILY = "1,2";
				TEST_HOST = "$(BUILT_PRODUCTS_DIR)/Pay Flow.app/Pay Flow";
			};
			name = "Release-Production";
		};
		5B528D792691F69700BC39B1 /* Debug-Staging */ = {
			isa = XCBuildConfiguration;
			baseConfigurationReference = 5B83CF17269531CF006CE36C /* Staging.xcconfig */;
			buildSettings = {
				ALWAYS_EMBED_SWIFT_STANDARD_LIBRARIES = YES;
				CODE_SIGN_STYLE = Automatic;
				DEVELOPMENT_TEAM = Z42V6W967K;
				INFOPLIST_FILE = "Pay FlowUITests/Info.plist";
				LD_RUNPATH_SEARCH_PATHS = (
					"$(inherited)",
					"@executable_path/Frameworks",
					"@loader_path/Frameworks",
				);
				PRODUCT_BUNDLE_IDENTIFIER = "io.souzarodrigo.Pay-FlowUITests";
				PRODUCT_NAME = "$(TARGET_NAME)";
				SWIFT_VERSION = 5.0;
				TARGETED_DEVICE_FAMILY = "1,2";
				TEST_TARGET_NAME = "Pay Flow";
			};
			name = "Debug-Staging";
		};
		5B528D7A2691F69700BC39B1 /* Release-Production */ = {
			isa = XCBuildConfiguration;
			baseConfigurationReference = B69E9CA4B2EB26BEB31A03B5 /* Pods-Pay Flow-Pay FlowUITests.release-production.xcconfig */;
			buildSettings = {
				ALWAYS_EMBED_SWIFT_STANDARD_LIBRARIES = YES;
				CODE_SIGN_STYLE = Automatic;
				DEVELOPMENT_TEAM = Z42V6W967K;
				INFOPLIST_FILE = "Pay FlowUITests/Info.plist";
				LD_RUNPATH_SEARCH_PATHS = (
					"$(inherited)",
					"@executable_path/Frameworks",
					"@loader_path/Frameworks",
				);
				PRODUCT_BUNDLE_IDENTIFIER = "io.souzarodrigo.Pay-FlowUITests";
				PRODUCT_NAME = "$(TARGET_NAME)";
				SWIFT_VERSION = 5.0;
				TARGETED_DEVICE_FAMILY = "1,2";
				TEST_TARGET_NAME = "Pay Flow";
			};
			name = "Release-Production";
		};
		5B83CF0F26953174006CE36C /* Release-Staging */ = {
			isa = XCBuildConfiguration;
			baseConfigurationReference = 5B83CF17269531CF006CE36C /* Staging.xcconfig */;
			buildSettings = {
				ALWAYS_SEARCH_USER_PATHS = NO;
				CLANG_ANALYZER_NONNULL = YES;
				CLANG_ANALYZER_NUMBER_OBJECT_CONVERSION = YES_AGGRESSIVE;
				CLANG_CXX_LANGUAGE_STANDARD = "gnu++14";
				CLANG_CXX_LIBRARY = "libc++";
				CLANG_ENABLE_MODULES = YES;
				CLANG_ENABLE_OBJC_ARC = YES;
				CLANG_ENABLE_OBJC_WEAK = YES;
				CLANG_WARN_BLOCK_CAPTURE_AUTORELEASING = YES;
				CLANG_WARN_BOOL_CONVERSION = YES;
				CLANG_WARN_COMMA = YES;
				CLANG_WARN_CONSTANT_CONVERSION = YES;
				CLANG_WARN_DEPRECATED_OBJC_IMPLEMENTATIONS = YES;
				CLANG_WARN_DIRECT_OBJC_ISA_USAGE = YES_ERROR;
				CLANG_WARN_DOCUMENTATION_COMMENTS = YES;
				CLANG_WARN_EMPTY_BODY = YES;
				CLANG_WARN_ENUM_CONVERSION = YES;
				CLANG_WARN_INFINITE_RECURSION = YES;
				CLANG_WARN_INT_CONVERSION = YES;
				CLANG_WARN_NON_LITERAL_NULL_CONVERSION = YES;
				CLANG_WARN_OBJC_IMPLICIT_RETAIN_SELF = YES;
				CLANG_WARN_OBJC_LITERAL_CONVERSION = YES;
				CLANG_WARN_OBJC_ROOT_CLASS = YES_ERROR;
				CLANG_WARN_QUOTED_INCLUDE_IN_FRAMEWORK_HEADER = YES;
				CLANG_WARN_RANGE_LOOP_ANALYSIS = YES;
				CLANG_WARN_STRICT_PROTOTYPES = YES;
				CLANG_WARN_SUSPICIOUS_MOVE = YES;
				CLANG_WARN_UNGUARDED_AVAILABILITY = YES_AGGRESSIVE;
				CLANG_WARN_UNREACHABLE_CODE = YES;
				CLANG_WARN__DUPLICATE_METHOD_MATCH = YES;
				COPY_PHASE_STRIP = NO;
				DEBUG_INFORMATION_FORMAT = "dwarf-with-dsym";
				ENABLE_NS_ASSERTIONS = NO;
				ENABLE_STRICT_OBJC_MSGSEND = YES;
				GCC_C_LANGUAGE_STANDARD = gnu11;
				GCC_NO_COMMON_BLOCKS = YES;
				GCC_WARN_64_TO_32_BIT_CONVERSION = YES;
				GCC_WARN_ABOUT_RETURN_TYPE = YES_ERROR;
				GCC_WARN_UNDECLARED_SELECTOR = YES;
				GCC_WARN_UNINITIALIZED_AUTOS = YES_AGGRESSIVE;
				GCC_WARN_UNUSED_FUNCTION = YES;
				GCC_WARN_UNUSED_VARIABLE = YES;
				IPHONEOS_DEPLOYMENT_TARGET = 14.5;
				MTL_ENABLE_DEBUG_INFO = NO;
				MTL_FAST_MATH = YES;
				SDKROOT = iphoneos;
				SWIFT_COMPILATION_MODE = wholemodule;
				SWIFT_OPTIMIZATION_LEVEL = "-O";
				VALIDATE_PRODUCT = YES;
			};
			name = "Release-Staging";
		};
		5B83CF1026953174006CE36C /* Release-Staging */ = {
			isa = XCBuildConfiguration;
			baseConfigurationReference = F0A897C8D07B45D586B3DA13 /* Pods-Pay Flow.release-staging.xcconfig */;
			buildSettings = {
				ASSETCATALOG_COMPILER_APPICON_NAME = AppIcon;
				ASSETCATALOG_COMPILER_GLOBAL_ACCENT_COLOR_NAME = AccentColor;
				CODE_SIGN_STYLE = Automatic;
				DEVELOPMENT_ASSET_PATHS = "\"Pay Flow/Resources/Preview Content\"";
				DEVELOPMENT_TEAM = Z42V6W967K;
				ENABLE_PREVIEWS = YES;
				INFOPLIST_FILE = "Pay Flow/Resources/Info.plist";
				IPHONEOS_DEPLOYMENT_TARGET = 14.0;
				LD_RUNPATH_SEARCH_PATHS = (
					"$(inherited)",
					"@executable_path/Frameworks",
				);
				PRODUCT_BUNDLE_IDENTIFIER = "io.souzarodrigo.qa.Pay-Flow";
				PRODUCT_NAME = "$(TARGET_NAME)";
				SWIFT_VERSION = 5.0;
				TARGETED_DEVICE_FAMILY = "1,2";
			};
			name = "Release-Staging";
		};
		5B83CF1126953174006CE36C /* Release-Staging */ = {
			isa = XCBuildConfiguration;
			baseConfigurationReference = 066A34CBDC511D69D8E8F003 /* Pods-Pay FlowTests.release-staging.xcconfig */;
			buildSettings = {
				ALWAYS_EMBED_SWIFT_STANDARD_LIBRARIES = YES;
				BUNDLE_LOADER = "$(TEST_HOST)";
				CODE_SIGN_STYLE = Automatic;
				DEVELOPMENT_TEAM = Z42V6W967K;
				INFOPLIST_FILE = "Pay FlowTests/Info.plist";
				IPHONEOS_DEPLOYMENT_TARGET = 14.0;
				LD_RUNPATH_SEARCH_PATHS = (
					"$(inherited)",
					"@executable_path/Frameworks",
					"@loader_path/Frameworks",
				);
				PRODUCT_BUNDLE_IDENTIFIER = "io.souzarodrigo.Pay-FlowTests";
				PRODUCT_NAME = "$(TARGET_NAME)";
				SWIFT_VERSION = 5.0;
				TARGETED_DEVICE_FAMILY = "1,2";
				TEST_HOST = "$(BUILT_PRODUCTS_DIR)/Pay Flow.app/Pay Flow";
			};
			name = "Release-Staging";
		};
		5B83CF1226953174006CE36C /* Release-Staging */ = {
			isa = XCBuildConfiguration;
			baseConfigurationReference = 876B346526F079747853BF39 /* Pods-Pay Flow-Pay FlowUITests.release-staging.xcconfig */;
			buildSettings = {
				ALWAYS_EMBED_SWIFT_STANDARD_LIBRARIES = YES;
				CODE_SIGN_STYLE = Automatic;
				DEVELOPMENT_TEAM = Z42V6W967K;
				INFOPLIST_FILE = "Pay FlowUITests/Info.plist";
				LD_RUNPATH_SEARCH_PATHS = (
					"$(inherited)",
					"@executable_path/Frameworks",
					"@loader_path/Frameworks",
				);
				PRODUCT_BUNDLE_IDENTIFIER = "io.souzarodrigo.Pay-FlowUITests";
				PRODUCT_NAME = "$(TARGET_NAME)";
				SWIFT_VERSION = 5.0;
				TARGETED_DEVICE_FAMILY = "1,2";
				TEST_TARGET_NAME = "Pay Flow";
			};
			name = "Release-Staging";
		};
		5B83CF1326953180006CE36C /* Debug-Production */ = {
			isa = XCBuildConfiguration;
			baseConfigurationReference = 5B83CF0A26953044006CE36C /* Production.xcconfig */;
			buildSettings = {
				ALWAYS_SEARCH_USER_PATHS = NO;
				CLANG_ANALYZER_NONNULL = YES;
				CLANG_ANALYZER_NUMBER_OBJECT_CONVERSION = YES_AGGRESSIVE;
				CLANG_CXX_LANGUAGE_STANDARD = "gnu++14";
				CLANG_CXX_LIBRARY = "libc++";
				CLANG_ENABLE_MODULES = YES;
				CLANG_ENABLE_OBJC_ARC = YES;
				CLANG_ENABLE_OBJC_WEAK = YES;
				CLANG_WARN_BLOCK_CAPTURE_AUTORELEASING = YES;
				CLANG_WARN_BOOL_CONVERSION = YES;
				CLANG_WARN_COMMA = YES;
				CLANG_WARN_CONSTANT_CONVERSION = YES;
				CLANG_WARN_DEPRECATED_OBJC_IMPLEMENTATIONS = YES;
				CLANG_WARN_DIRECT_OBJC_ISA_USAGE = YES_ERROR;
				CLANG_WARN_DOCUMENTATION_COMMENTS = YES;
				CLANG_WARN_EMPTY_BODY = YES;
				CLANG_WARN_ENUM_CONVERSION = YES;
				CLANG_WARN_INFINITE_RECURSION = YES;
				CLANG_WARN_INT_CONVERSION = YES;
				CLANG_WARN_NON_LITERAL_NULL_CONVERSION = YES;
				CLANG_WARN_OBJC_IMPLICIT_RETAIN_SELF = YES;
				CLANG_WARN_OBJC_LITERAL_CONVERSION = YES;
				CLANG_WARN_OBJC_ROOT_CLASS = YES_ERROR;
				CLANG_WARN_QUOTED_INCLUDE_IN_FRAMEWORK_HEADER = YES;
				CLANG_WARN_RANGE_LOOP_ANALYSIS = YES;
				CLANG_WARN_STRICT_PROTOTYPES = YES;
				CLANG_WARN_SUSPICIOUS_MOVE = YES;
				CLANG_WARN_UNGUARDED_AVAILABILITY = YES_AGGRESSIVE;
				CLANG_WARN_UNREACHABLE_CODE = YES;
				CLANG_WARN__DUPLICATE_METHOD_MATCH = YES;
				COPY_PHASE_STRIP = NO;
				DEBUG_INFORMATION_FORMAT = dwarf;
				ENABLE_STRICT_OBJC_MSGSEND = YES;
				ENABLE_TESTABILITY = YES;
				GCC_C_LANGUAGE_STANDARD = gnu11;
				GCC_DYNAMIC_NO_PIC = NO;
				GCC_NO_COMMON_BLOCKS = YES;
				GCC_OPTIMIZATION_LEVEL = 0;
				GCC_PREPROCESSOR_DEFINITIONS = (
					"DEBUG=1",
					"$(inherited)",
				);
				GCC_WARN_64_TO_32_BIT_CONVERSION = YES;
				GCC_WARN_ABOUT_RETURN_TYPE = YES_ERROR;
				GCC_WARN_UNDECLARED_SELECTOR = YES;
				GCC_WARN_UNINITIALIZED_AUTOS = YES_AGGRESSIVE;
				GCC_WARN_UNUSED_FUNCTION = YES;
				GCC_WARN_UNUSED_VARIABLE = YES;
				IPHONEOS_DEPLOYMENT_TARGET = 14.5;
				MTL_ENABLE_DEBUG_INFO = INCLUDE_SOURCE;
				MTL_FAST_MATH = YES;
				ONLY_ACTIVE_ARCH = YES;
				SDKROOT = iphoneos;
				SWIFT_ACTIVE_COMPILATION_CONDITIONS = DEBUG;
				SWIFT_OPTIMIZATION_LEVEL = "-Onone";
			};
			name = "Debug-Production";
		};
		5B83CF1426953180006CE36C /* Debug-Production */ = {
			isa = XCBuildConfiguration;
			baseConfigurationReference = 7905A4A21490DA2C8143645A /* Pods-Pay Flow.debug-production.xcconfig */;
			buildSettings = {
				ASSETCATALOG_COMPILER_APPICON_NAME = AppIcon;
				ASSETCATALOG_COMPILER_GLOBAL_ACCENT_COLOR_NAME = AccentColor;
				CODE_SIGN_STYLE = Automatic;
				DEVELOPMENT_ASSET_PATHS = "\"Pay Flow/Resources/Preview Content\"";
				DEVELOPMENT_TEAM = Z42V6W967K;
				ENABLE_PREVIEWS = YES;
				INFOPLIST_FILE = "Pay Flow/Resources/Info.plist";
				IPHONEOS_DEPLOYMENT_TARGET = 14.0;
				LD_RUNPATH_SEARCH_PATHS = (
					"$(inherited)",
					"@executable_path/Frameworks",
				);
				PRODUCT_BUNDLE_IDENTIFIER = "io.souzarodrigo.Pay-Flow";
				PRODUCT_NAME = "$(TARGET_NAME)";
				SWIFT_VERSION = 5.0;
				TARGETED_DEVICE_FAMILY = "1,2";
			};
			name = "Debug-Production";
		};
		5B83CF1526953180006CE36C /* Debug-Production */ = {
			isa = XCBuildConfiguration;
			baseConfigurationReference = 968D9CD31C5D649EB371AF24 /* Pods-Pay FlowTests.debug-production.xcconfig */;
			buildSettings = {
				ALWAYS_EMBED_SWIFT_STANDARD_LIBRARIES = YES;
				BUNDLE_LOADER = "$(TEST_HOST)";
				CODE_SIGN_STYLE = Automatic;
				DEVELOPMENT_TEAM = Z42V6W967K;
				INFOPLIST_FILE = "Pay FlowTests/Info.plist";
				IPHONEOS_DEPLOYMENT_TARGET = 14.0;
				LD_RUNPATH_SEARCH_PATHS = (
					"$(inherited)",
					"@executable_path/Frameworks",
					"@loader_path/Frameworks",
				);
				PRODUCT_BUNDLE_IDENTIFIER = "io.souzarodrigo.Pay-FlowTests";
				PRODUCT_NAME = "$(TARGET_NAME)";
				SWIFT_VERSION = 5.0;
				TARGETED_DEVICE_FAMILY = "1,2";
				TEST_HOST = "$(BUILT_PRODUCTS_DIR)/Pay Flow.app/Pay Flow";
			};
			name = "Debug-Production";
		};
		5B83CF1626953180006CE36C /* Debug-Production */ = {
			isa = XCBuildConfiguration;
			baseConfigurationReference = 5503FC26A9D3FC8E58325E3F /* Pods-Pay Flow-Pay FlowUITests.debug-production.xcconfig */;
			buildSettings = {
				ALWAYS_EMBED_SWIFT_STANDARD_LIBRARIES = YES;
				CODE_SIGN_STYLE = Automatic;
				DEVELOPMENT_TEAM = Z42V6W967K;
				INFOPLIST_FILE = "Pay FlowUITests/Info.plist";
				LD_RUNPATH_SEARCH_PATHS = (
					"$(inherited)",
					"@executable_path/Frameworks",
					"@loader_path/Frameworks",
				);
				PRODUCT_BUNDLE_IDENTIFIER = "io.souzarodrigo.Pay-FlowUITests";
				PRODUCT_NAME = "$(TARGET_NAME)";
				SWIFT_VERSION = 5.0;
				TARGETED_DEVICE_FAMILY = "1,2";
				TEST_TARGET_NAME = "Pay Flow";
			};
			name = "Debug-Production";
		};
/* End XCBuildConfiguration section */

/* Begin XCConfigurationList section */
		5B528D482691F69500BC39B1 /* Build configuration list for PBXProject "Pay Flow" */ = {
			isa = XCConfigurationList;
			buildConfigurations = (
				5B528D702691F69700BC39B1 /* Debug-Staging */,
				5B83CF1326953180006CE36C /* Debug-Production */,
				5B528D712691F69700BC39B1 /* Release-Production */,
				5B83CF0F26953174006CE36C /* Release-Staging */,
			);
			defaultConfigurationIsVisible = 0;
			defaultConfigurationName = "Release-Production";
		};
		5B528D722691F69700BC39B1 /* Build configuration list for PBXNativeTarget "Pay Flow" */ = {
			isa = XCConfigurationList;
			buildConfigurations = (
				5B528D732691F69700BC39B1 /* Debug-Staging */,
				5B83CF1426953180006CE36C /* Debug-Production */,
				5B528D742691F69700BC39B1 /* Release-Production */,
				5B83CF1026953174006CE36C /* Release-Staging */,
			);
			defaultConfigurationIsVisible = 0;
			defaultConfigurationName = "Release-Production";
		};
		5B528D752691F69700BC39B1 /* Build configuration list for PBXNativeTarget "Pay FlowTests" */ = {
			isa = XCConfigurationList;
			buildConfigurations = (
				5B528D762691F69700BC39B1 /* Debug-Staging */,
				5B83CF1526953180006CE36C /* Debug-Production */,
				5B528D772691F69700BC39B1 /* Release-Production */,
				5B83CF1126953174006CE36C /* Release-Staging */,
			);
			defaultConfigurationIsVisible = 0;
			defaultConfigurationName = "Release-Production";
		};
		5B528D782691F69700BC39B1 /* Build configuration list for PBXNativeTarget "Pay FlowUITests" */ = {
			isa = XCConfigurationList;
			buildConfigurations = (
				5B528D792691F69700BC39B1 /* Debug-Staging */,
				5B83CF1626953180006CE36C /* Debug-Production */,
				5B528D7A2691F69700BC39B1 /* Release-Production */,
				5B83CF1226953174006CE36C /* Release-Staging */,
			);
			defaultConfigurationIsVisible = 0;
			defaultConfigurationName = "Release-Production";
		};
/* End XCConfigurationList section */

/* Begin XCRemoteSwiftPackageReference section */
		5B5A0B952698DDD100DDFD94 /* XCRemoteSwiftPackageReference "stinsen" */ = {
			isa = XCRemoteSwiftPackageReference;
			repositoryURL = "https://github.com/rundfunk47/stinsen";
			requirement = {
				kind = upToNextMajorVersion;
				minimumVersion = 1.0.11;
			};
		};
/* End XCRemoteSwiftPackageReference section */

/* Begin XCSwiftPackageProductDependency section */
		5B5A0B962698DDD100DDFD94 /* Stinsen */ = {
			isa = XCSwiftPackageProductDependency;
			package = 5B5A0B952698DDD100DDFD94 /* XCRemoteSwiftPackageReference "stinsen" */;
			productName = Stinsen;
		};
/* End XCSwiftPackageProductDependency section */
	};
	rootObject = 5B528D452691F69500BC39B1 /* Project object */;
}
